lockfileVersion: 5.4

specifiers:
  '@types/node': ^20.2.1
  dotenv: ^16.0.3
  googlebard: ^1.0.5
  octokit: ^2.0.15
  ts-node: ^10.9.1
  typescript: ^5.0.4

dependencies:
  googlebard: 1.0.5
  octokit: 2.0.15

devDependencies:
  '@types/node': 20.2.1
  dotenv: 16.0.3
  ts-node: 10.9.1_swwgrzuo53dutirdgvlshcj6ra
  typescript: 5.0.4

packages:

  /@cspotcode/source-map-support/0.8.1:
    resolution: {integrity: sha512-IchNf6dN4tHoMFIn/7OE8LWZ19Y6q/67Bmf6vnGREv8RSbBVb9LPJxEcnwrcwX6ixSvaiGoomAUvu4YSxXrVgw==}
    engines: {node: '>=12'}
    dependencies:
      '@jridgewell/trace-mapping': 0.3.9
    dev: true

  /@jridgewell/resolve-uri/3.1.1:
    resolution: {integrity: sha512-dSYZh7HhCDtCKm4QakX0xFpsRDqjjtZf/kjI/v3T3Nwt5r8/qz/M19F9ySyOqU94SXBmeG9ttTul+YnR4LOxFA==}
    engines: {node: '>=6.0.0'}
    dev: true

  /@jridgewell/sourcemap-codec/1.4.15:
    resolution: {integrity: sha512-eF2rxCRulEKXHTRiDrDy6erMYWqNw4LPdQ8UQA4huuxaQsVeRPFl2oM8oDGxMFhJUWZf9McpLtJasDDZb/Bpeg==}
    dev: true

  /@jridgewell/trace-mapping/0.3.9:
    resolution: {integrity: sha512-3Belt6tdc8bPgAtbcmdtNJlirVoTmEb5e2gC94PnkwEW9jI6CAHUeoG85tjWP5WquqfavoMtMwiG4P926ZKKuQ==}
    dependencies:
      '@jridgewell/resolve-uri': 3.1.1
      '@jridgewell/sourcemap-codec': 1.4.15
    dev: true

  /@octokit/app/13.1.4:
    resolution: {integrity: sha512-DOssIBopEpXemC1VgQ8hFAU5FP+Mo0CCRjg5Rc7mahwSvqUp0c/AFPpOuSVP9eX2bO03EOVkdmAVqLp77m8CzA==}
    engines: {node: '>= 14'}
    dependencies:
      '@octokit/auth-app': 4.0.12
      '@octokit/auth-unauthenticated': 3.0.5
      '@octokit/core': 4.2.1
      '@octokit/oauth-app': 4.2.2
      '@octokit/plugin-paginate-rest': 6.1.0_@octokit+core@4.2.1
      '@octokit/types': 9.2.2
      '@octokit/webhooks': 10.9.1
    transitivePeerDependencies:
      - encoding
    dev: false

  /@octokit/auth-app/4.0.12:
    resolution: {integrity: sha512-4iwQ+UrmJDW4AOJwaTmptuCa0bXTKrVaaZL7KirUq5MKLWq+xcSr7e8Ha8Kf7Cq8CXVpt+W5i3kNVS6N8R2sUA==}
    engines: {node: '>= 14'}
    dependencies:
      '@octokit/auth-oauth-app': 5.0.5
      '@octokit/auth-oauth-user': 2.1.1
      '@octokit/request': 6.2.5
      '@octokit/request-error': 3.0.3
      '@octokit/types': 9.2.2
      deprecation: 2.3.1
      lru-cache: 9.1.1
      universal-github-app-jwt: 1.1.1
      universal-user-agent: 6.0.0
    transitivePeerDependencies:
      - encoding
    dev: false

  /@octokit/auth-oauth-app/5.0.5:
    resolution: {integrity: sha512-UPX1su6XpseaeLVCi78s9droxpGtBWIgz9XhXAx9VXabksoF0MyI5vaa1zo1njyYt6VaAjFisC2A2Wchcu2WmQ==}
    engines: {node: '>= 14'}
    dependencies:
      '@octokit/auth-oauth-device': 4.0.4
      '@octokit/auth-oauth-user': 2.1.1
      '@octokit/request': 6.2.5
      '@octokit/types': 9.2.2
      '@types/btoa-lite': 1.0.0
      btoa-lite: 1.0.0
      universal-user-agent: 6.0.0
    transitivePeerDependencies:
      - encoding
    dev: false

  /@octokit/auth-oauth-device/4.0.4:
    resolution: {integrity: sha512-Xl85BZYfqCMv+Uvz33nVVUjE7I/PVySNaK6dRRqlkvYcArSr9vRcZC9KVjXYObGRTCN6mISeYdakAZvWEN4+Jw==}
    engines: {node: '>= 14'}
    dependencies:
      '@octokit/oauth-methods': 2.0.5
      '@octokit/request': 6.2.5
      '@octokit/types': 9.2.2
      universal-user-agent: 6.0.0
    transitivePeerDependencies:
      - encoding
    dev: false

  /@octokit/auth-oauth-user/2.1.1:
    resolution: {integrity: sha512-JgqnNNPf9CaWLxWm9uh2WgxcaVYhxBR09NVIPTiMU2dVZ3FObOHs3njBiLNw+zq84k+rEdm5Y7AsiASrZ84Apg==}
    engines: {node: '>= 14'}
    dependencies:
      '@octokit/auth-oauth-device': 4.0.4
      '@octokit/oauth-methods': 2.0.5
      '@octokit/request': 6.2.5
      '@octokit/types': 9.2.2
      btoa-lite: 1.0.0
      universal-user-agent: 6.0.0
    transitivePeerDependencies:
      - encoding
    dev: false

  /@octokit/auth-token/3.0.3:
    resolution: {integrity: sha512-/aFM2M4HVDBT/jjDBa84sJniv1t9Gm/rLkalaz9htOm+L+8JMj1k9w0CkUdcxNyNxZPlTxKPVko+m1VlM58ZVA==}
    engines: {node: '>= 14'}
    dependencies:
      '@octokit/types': 9.2.2
    dev: false

  /@octokit/auth-unauthenticated/3.0.5:
    resolution: {integrity: sha512-yH2GPFcjrTvDWPwJWWCh0tPPtTL5SMgivgKPA+6v/XmYN6hGQkAto8JtZibSKOpf8ipmeYhLNWQ2UgW0GYILCw==}
    engines: {node: '>= 14'}
    dependencies:
      '@octokit/request-error': 3.0.3
      '@octokit/types': 9.2.2
    dev: false

  /@octokit/core/4.2.1:
    resolution: {integrity: sha512-tEDxFx8E38zF3gT7sSMDrT1tGumDgsw5yPG6BBh/X+5ClIQfMH/Yqocxz1PnHx6CHyF6pxmovUTOfZAUvQ0Lvw==}
    engines: {node: '>= 14'}
    dependencies:
      '@octokit/auth-token': 3.0.3
      '@octokit/graphql': 5.0.5
      '@octokit/request': 6.2.5
      '@octokit/request-error': 3.0.3
      '@octokit/types': 9.2.2
      before-after-hook: 2.2.3
      universal-user-agent: 6.0.0
    transitivePeerDependencies:
      - encoding
    dev: false

  /@octokit/endpoint/7.0.5:
    resolution: {integrity: sha512-LG4o4HMY1Xoaec87IqQ41TQ+glvIeTKqfjkCEmt5AIwDZJwQeVZFIEYXrYY6yLwK+pAScb9Gj4q+Nz2qSw1roA==}
    engines: {node: '>= 14'}
    dependencies:
      '@octokit/types': 9.2.2
      is-plain-object: 5.0.0
      universal-user-agent: 6.0.0
    dev: false

  /@octokit/graphql/5.0.5:
    resolution: {integrity: sha512-Qwfvh3xdqKtIznjX9lz2D458r7dJPP8l6r4GQkIdWQouZwHQK0mVT88uwiU2bdTU2OtT1uOlKpRciUWldpG0yQ==}
    engines: {node: '>= 14'}
    dependencies:
      '@octokit/request': 6.2.5
      '@octokit/types': 9.2.2
      universal-user-agent: 6.0.0
    transitivePeerDependencies:
      - encoding
    dev: false

  /@octokit/oauth-app/4.2.2:
    resolution: {integrity: sha512-/jsPd43Yu2UXJ4XGq9KyOjPj5kNWQ5pfVzeDEfIVE8ENchyIPS+/IY2a8b0+OQSAsBKBLTHVp9m51RfGHmPZlw==}
    engines: {node: '>= 14'}
    dependencies:
      '@octokit/auth-oauth-app': 5.0.5
      '@octokit/auth-oauth-user': 2.1.1
      '@octokit/auth-unauthenticated': 3.0.5
      '@octokit/core': 4.2.1
      '@octokit/oauth-authorization-url': 5.0.0
      '@octokit/oauth-methods': 2.0.5
      '@types/aws-lambda': 8.10.115
      fromentries: 1.3.2
      universal-user-agent: 6.0.0
    transitivePeerDependencies:
      - encoding
    dev: false

  /@octokit/oauth-authorization-url/5.0.0:
    resolution: {integrity: sha512-y1WhN+ERDZTh0qZ4SR+zotgsQUE1ysKnvBt1hvDRB2WRzYtVKQjn97HEPzoehh66Fj9LwNdlZh+p6TJatT0zzg==}
    engines: {node: '>= 14'}
    dev: false

  /@octokit/oauth-methods/2.0.5:
    resolution: {integrity: sha512-yQP6B5gE3axNxuM3U9KqWs/ErAQ+WLPaPgC/7EjsZsQibkf8sjdAfF8/y/EJW+Dd05XQvadX4WhQZPMnO1SE1A==}
    engines: {node: '>= 14'}
    dependencies:
      '@octokit/oauth-authorization-url': 5.0.0
      '@octokit/request': 6.2.5
      '@octokit/request-error': 3.0.3
      '@octokit/types': 9.2.2
      btoa-lite: 1.0.0
    transitivePeerDependencies:
      - encoding
    dev: false

  /@octokit/openapi-types/17.2.0:
    resolution: {integrity: sha512-MazrFNx4plbLsGl+LFesMo96eIXkFgEtaKbnNpdh4aQ0VM10aoylFsTYP1AEjkeoRNZiiPe3T6Gl2Hr8dJWdlQ==}
    dev: false

  /@octokit/plugin-paginate-rest/6.1.0_@octokit+core@4.2.1:
    resolution: {integrity: sha512-5T4iXjJdYCVA1rdWS1C+uZV9AvtZY9QgTG74kFiSFVj94dZXowyi/YK8f4SGjZaL69jZthGlBaDKRdCMCF9log==}
    engines: {node: '>= 14'}
    peerDependencies:
      '@octokit/core': '>=4'
    dependencies:
      '@octokit/core': 4.2.1
      '@octokit/types': 9.2.2
    dev: false

  /@octokit/plugin-rest-endpoint-methods/7.1.1_@octokit+core@4.2.1:
    resolution: {integrity: sha512-1XYEQZOGrD4FDa2bxuPfAVmzbKbUDs+P1dqn2TyufIW3EIZFI53n+YFr0XV+EBNATRWUL2rWuZJRKBZiU6guGA==}
    engines: {node: '>= 14'}
    peerDependencies:
      '@octokit/core': '>=3'
    dependencies:
      '@octokit/core': 4.2.1
      '@octokit/types': 9.2.2
      deprecation: 2.3.1
    dev: false

  /@octokit/plugin-retry/4.1.3_@octokit+core@4.2.1:
    resolution: {integrity: sha512-3YKBj7d0J/4mpEc4xzMociWsMNl5lZqrpAnYcW6mqiSGF3wFjU+c6GHih6GLClk31JNvKDr0x9jc5cfm7evkZg==}
    engines: {node: '>= 14'}
    peerDependencies:
      '@octokit/core': '>=3'
    dependencies:
      '@octokit/core': 4.2.1
      '@octokit/types': 9.2.2
      bottleneck: 2.19.5
    dev: false

  /@octokit/plugin-throttling/5.2.2_@octokit+core@4.2.1:
    resolution: {integrity: sha512-oRg6BJSrj0v/Rz4segpJCAGxa2IjK82YOkTyHtIzxAt3sjF++y7bRe+RJbwSi7YEZpybiMNI9W/y0xL4UAC3jw==}
    engines: {node: '>= 14'}
    peerDependencies:
      '@octokit/core': ^4.0.0
    dependencies:
      '@octokit/core': 4.2.1
      '@octokit/types': 9.2.2
      bottleneck: 2.19.5
    dev: false

  /@octokit/request-error/3.0.3:
    resolution: {integrity: sha512-crqw3V5Iy2uOU5Np+8M/YexTlT8zxCfI+qu+LxUB7SZpje4Qmx3mub5DfEKSO8Ylyk0aogi6TYdf6kxzh2BguQ==}
    engines: {node: '>= 14'}
    dependencies:
      '@octokit/types': 9.2.2
      deprecation: 2.3.1
      once: 1.4.0
    dev: false

  /@octokit/request/6.2.5:
    resolution: {integrity: sha512-z83E8UIlPNaJUsXpjD8E0V5o/5f+vJJNbNcBwVZsX3/vC650U41cOkTLjq4PKk9BYonQGOnx7N17gvLyNjgGcQ==}
    engines: {node: '>= 14'}
    dependencies:
      '@octokit/endpoint': 7.0.5
      '@octokit/request-error': 3.0.3
      '@octokit/types': 9.2.2
      is-plain-object: 5.0.0
      node-fetch: 2.6.11
      universal-user-agent: 6.0.0
    transitivePeerDependencies:
      - encoding
    dev: false

  /@octokit/types/9.2.2:
    resolution: {integrity: sha512-9BjDxjgQIvCjNWZsbqyH5QC2Yni16oaE6xL+8SUBMzcYPF4TGQBXGA97Cl3KceK9mwiNMb1mOYCz6FbCCLEL+g==}
    dependencies:
      '@octokit/openapi-types': 17.2.0
    dev: false

  /@octokit/webhooks-methods/3.0.2:
    resolution: {integrity: sha512-Vlnv5WBscf07tyAvfDbp7pTkMZUwk7z7VwEF32x6HqI+55QRwBTcT+D7DDjZXtad/1dU9E32x0HmtDlF9VIRaQ==}
    engines: {node: '>= 14'}
    dev: false

  /@octokit/webhooks-types/6.11.0:
    resolution: {integrity: sha512-AanzbulOHljrku1NGfafxdpTCfw2ENaWzH01N2vqQM+cUFbk868Cgh0xylz0JIM9BoKbfI++bdD6EYX0Q/UTEw==}
    dev: false

  /@octokit/webhooks/10.9.1:
    resolution: {integrity: sha512-5NXU4VfsNOo2VSU/SrLrpPH2Z1ZVDOWFcET4EpnEBX1uh/v8Uz65UVuHIRx5TZiXhnWyRE9AO1PXHa+M/iWwZA==}
    engines: {node: '>= 14'}
    dependencies:
      '@octokit/request-error': 3.0.3
      '@octokit/webhooks-methods': 3.0.2
      '@octokit/webhooks-types': 6.11.0
      aggregate-error: 3.1.0
    dev: false

  /@tsconfig/node10/1.0.9:
    resolution: {integrity: sha512-jNsYVVxU8v5g43Erja32laIDHXeoNvFEpX33OK4d6hljo3jDhCBDhx5dhCCTMWUojscpAagGiRkBKxpdl9fxqA==}
    dev: true

  /@tsconfig/node12/1.0.11:
    resolution: {integrity: sha512-cqefuRsh12pWyGsIoBKJA9luFu3mRxCA+ORZvA4ktLSzIuCUtWVxGIuXigEwO5/ywWFMZ2QEGKWvkZG1zDMTag==}
    dev: true

  /@tsconfig/node14/1.0.3:
    resolution: {integrity: sha512-ysT8mhdixWK6Hw3i1V2AeRqZ5WfXg1G43mqoYlM2nc6388Fq5jcXyr5mRsqViLx/GJYdoL0bfXD8nmF+Zn/Iow==}
    dev: true

  /@tsconfig/node16/1.0.4:
    resolution: {integrity: sha512-vxhUy4J8lyeyinH7Azl1pdd43GJhZH/tP2weN8TntQblOY+A0XbT8DJk1/oCPuOOyg/Ja757rG0CgHcWC8OfMA==}
    dev: true

  /@types/aws-lambda/8.10.115:
    resolution: {integrity: sha512-kCZuFXKLV3y8NjSoaD5+qKTpRWvPz3uh3W/u1uwlw3Mg+MtaStg1NWgjAwUXo/VJDb6n6KF1ljykFNlNwEJ53Q==}
    dev: false

  /@types/btoa-lite/1.0.0:
    resolution: {integrity: sha512-wJsiX1tosQ+J5+bY5LrSahHxr2wT+uME5UDwdN1kg4frt40euqA+wzECkmq4t5QbveHiJepfdThgQrPw6KiSlg==}
    dev: false

  /@types/jsonwebtoken/9.0.2:
    resolution: {integrity: sha512-drE6uz7QBKq1fYqqoFKTDRdFCPHd5TCub75BM+D+cMx7NU9hUz7SESLfC2fSCXVFMO5Yj8sOWHuGqPgjc+fz0Q==}
    dependencies:
      '@types/node': 20.2.1
    dev: false

  /@types/node/20.2.1:
    resolution: {integrity: sha512-DqJociPbZP1lbZ5SQPk4oag6W7AyaGMO6gSfRwq3PWl4PXTwJpRQJhDq4W0kzrg3w6tJ1SwlvGZ5uKFHY13LIg==}

  /acorn-walk/8.2.0:
    resolution: {integrity: sha512-k+iyHEuPgSw6SbuDpGQM+06HQUa04DZ3o+F6CSzXMvvI5KMvnaEqXe+YVe555R9nn6GPt404fos4wcgpw12SDA==}
    engines: {node: '>=0.4.0'}
    dev: true

  /acorn/8.8.2:
    resolution: {integrity: sha512-xjIYgE8HBrkpd/sJqOGNspf8uHG+NOHGOw6a/Urj8taM2EXfdNAH2oFcPeIFfsv3+kz/mJrS5VuMqbNLjCa2vw==}
    engines: {node: '>=0.4.0'}
    hasBin: true
    dev: true

  /aggregate-error/3.1.0:
    resolution: {integrity: sha512-4I7Td01quW/RpocfNayFdFVk1qSuoh0E7JrbRJ16nH01HhKFQ88INq9Sd+nd72zqRySlr9BmDA8xlEJ6vJMrYA==}
    engines: {node: '>=8'}
    dependencies:
      clean-stack: 2.2.0
      indent-string: 4.0.0
    dev: false

  /arg/4.1.3:
    resolution: {integrity: sha512-58S9QDqG0Xx27YwPSt9fJxivjYl432YCwfDMfZ+71RAqUrZef7LrKQZ3LHLOwCS4FLNBplP533Zx895SeOCHvA==}
    dev: true

  /asynckit/0.4.0:
    resolution: {integrity: sha512-Oei9OH4tRh0YqU3GxhX79dM/mwVgvbZJaSNaRk+bshkj0S5cfHcgYakreBjrHwatXKbz+IoIdYLxrKim2MjW0Q==}
    dev: false

  /axios/1.3.2:
    resolution: {integrity: sha512-1M3O703bYqYuPhbHeya5bnhpYVsDDRyQSabNja04mZtboLNSuZ4YrltestrLXfHgmzua4TpUqRiVKbiQuo2epw==}
    dependencies:
      follow-redirects: 1.15.2
      form-data: 4.0.0
      proxy-from-env: 1.1.0
    transitivePeerDependencies:
      - debug
    dev: false

  /before-after-hook/2.2.3:
    resolution: {integrity: sha512-NzUnlZexiaH/46WDhANlyR2bXRopNg4F/zuSA3OpZnllCUgRaOF2znDioDWrmbNVsuZk6l9pMquQB38cfBZwkQ==}
    dev: false

  /boolbase/1.0.0:
    resolution: {integrity: sha512-JZOSA7Mo9sNGB8+UjSgzdLtokWAky1zbztM3WRLCbZ70/3cTANmQmOdR7y2g+J0e2WXywy1yS468tY+IruqEww==}
    dev: false

  /bottleneck/2.19.5:
    resolution: {integrity: sha512-VHiNCbI1lKdl44tGrhNfU3lup0Tj/ZBMJB5/2ZbNXRCPuRCO7ed2mgcK4r17y+KB2EfuYuRaVlwNbAeaWGSpbw==}
    dev: false

  /btoa-lite/1.0.0:
    resolution: {integrity: sha512-gvW7InbIyF8AicrqWoptdW08pUxuhq8BEgowNajy9RhiE86fmGAGl+bLKo6oB8QP0CkqHLowfN0oJdKC/J6LbA==}
    dev: false

  /buffer-equal-constant-time/1.0.1:
    resolution: {integrity: sha1-+OcRMvf/5uAaXJaXpMbz5I1cyBk=}
    dev: false

  /cheerio-select/2.1.0:
    resolution: {integrity: sha512-9v9kG0LvzrlcungtnJtpGNxY+fzECQKhK4EGJX2vByejiMX84MFNQw4UxPJl3bFbTMw+Dfs37XaIkCwTZfLh4g==}
    dependencies:
      boolbase: 1.0.0
      css-select: 5.1.0
      css-what: 6.1.0
      domelementtype: 2.3.0
      domhandler: 5.0.3
      domutils: 3.1.0
    dev: false

  /cheerio/1.0.0-rc.12:
    resolution: {integrity: sha512-VqR8m68vM46BNnuZ5NtnGBKIE/DfN0cRIzg9n40EIq9NOv90ayxLBXA8fXC5gquFRGJSTRqBq25Jt2ECLR431Q==}
    engines: {node: '>= 6'}
    dependencies:
      cheerio-select: 2.1.0
      dom-serializer: 2.0.0
      domhandler: 5.0.3
      domutils: 3.1.0
      htmlparser2: 8.0.2
      parse5: 7.1.2
      parse5-htmlparser2-tree-adapter: 7.0.0
    dev: false

  /clean-stack/2.2.0:
    resolution: {integrity: sha512-4diC9HaTE+KRAMWhDhrGOECgWZxoevMc5TlkObMqNSsVU62PYzXZ/SMTjzyGAFF1YusgxGcSWTEXBhp0CPwQ1A==}
    engines: {node: '>=6'}
    dev: false

  /combined-stream/1.0.8:
    resolution: {integrity: sha512-FQN4MRfuJeHf7cBbBMJFXhKSDq+2kAArBlmRBvcvFE5BB1HZKXtSFASDhdlz9zOYwxh8lDdnvmMOe/+5cdoEdg==}
    engines: {node: '>= 0.8'}
    dependencies:
      delayed-stream: 1.0.0
    dev: false

  /create-require/1.1.1:
    resolution: {integrity: sha512-dcKFX3jn0MpIaXjisoRvexIJVEKzaq7z2rZKxf+MSr9TkdmHmsU4m2lcLojrj/FHl8mk5VxMmYA+ftRkP/3oKQ==}
    dev: true

  /css-select/5.1.0:
    resolution: {integrity: sha512-nwoRF1rvRRnnCqqY7updORDsuqKzqYJ28+oSMaJMMgOauh3fvwHqMS7EZpIPqK8GL+g9mKxF1vP/ZjSeNjEVHg==}
    dependencies:
      boolbase: 1.0.0
      css-what: 6.1.0
      domhandler: 5.0.3
      domutils: 3.1.0
      nth-check: 2.1.1
    dev: false

  /css-what/6.1.0:
    resolution: {integrity: sha512-HTUrgRJ7r4dsZKU6GjmpfRK1O76h97Z8MfS1G0FozR+oF2kG6Vfe8JE6zwrkbxigziPHinCJ+gCPjA9EaBDtRw==}
    engines: {node: '>= 6'}
    dev: false

  /dbcontext/1.0.3:
    resolution: {integrity: sha512-w4e56q5fmOQQbqAN+hVzRJRRddk1mBl7BBzRk+plAg/zyhd+gNIIqpFTrhIT9BMdZVwBtvGSZx6GvNiFD5+wKA==}
    dependencies:
      linq-utils: 1.0.1
    dev: false

  /delayed-stream/1.0.0:
    resolution: {integrity: sha512-ZySD7Nf91aLB0RxL4KGrKHBXl7Eds1DAmEdcoVawXnLD7SDhpNgtuII2aAkg7a7QS41jxPSZ17p4VdGnMHk3MQ==}
    engines: {node: '>=0.4.0'}
    dev: false

  /deprecation/2.3.1:
    resolution: {integrity: sha512-xmHIy4F3scKVwMsQ4WnVaS8bHOx0DmVwRywosKhaILI0ywMDWPtBSku2HNxRvF7jtwDRsoEwYQSfbxj8b7RlJQ==}
    dev: false

  /diff/4.0.2:
    resolution: {integrity: sha512-58lmxKSA4BNyLz+HHMUzlOEpg09FV+ev6ZMe3vJihgdxzgcwZ8VoEEPmALCZG9LmqfVoNMMKpttIYTVG6uDY7A==}
    engines: {node: '>=0.3.1'}
    dev: true

  /dom-serializer/2.0.0:
    resolution: {integrity: sha512-wIkAryiqt/nV5EQKqQpo3SToSOV9J0DnbJqwK7Wv/Trc92zIAYZ4FlMu+JPFW1DfGFt81ZTCGgDEabffXeLyJg==}
    dependencies:
      domelementtype: 2.3.0
      domhandler: 5.0.3
      entities: 4.5.0
    dev: false

  /domelementtype/2.3.0:
    resolution: {integrity: sha512-OLETBj6w0OsagBwdXnPdN0cnMfF9opN69co+7ZrbfPGrdpPVNBUj02spi6B1N7wChLQiPn4CSH/zJvXw56gmHw==}
    dev: false

  /domhandler/5.0.3:
    resolution: {integrity: sha512-cgwlv/1iFQiFnU96XXgROh8xTeetsnJiDsTc7TYCLFd9+/WNkIqPTxiM/8pSd8VIrhXGTf1Ny1q1hquVqDJB5w==}
    engines: {node: '>= 4'}
    dependencies:
      domelementtype: 2.3.0
    dev: false

  /domutils/3.1.0:
    resolution: {integrity: sha512-H78uMmQtI2AhgDJjWeQmHwJJ2bLPD3GMmO7Zja/ZZh84wkm+4ut+IUnUdRa8uCGX88DiVx1j6FRe1XfxEgjEZA==}
    dependencies:
      dom-serializer: 2.0.0
      domelementtype: 2.3.0
      domhandler: 5.0.3
    dev: false

  /dotenv/16.0.3:
    resolution: {integrity: sha512-7GO6HghkA5fYG9TYnNxi14/7K9f5occMlp3zXAuSxn7CKCxt9xbNWG7yF8hTCSUchlfWSe3uLmlPfigevRItzQ==}
    engines: {node: '>=12'}

  /ecdsa-sig-formatter/1.0.11:
    resolution: {integrity: sha512-nagl3RYrbNv6kQkeJIpt6NJZy8twLB/2vtz6yN9Z4vRKHN4/QZJIEbqohALSgwKdnksuY3k5Addp5lg8sVoVcQ==}
    dependencies:
      safe-buffer: 5.2.1
    dev: false

  /entities/4.5.0:
    resolution: {integrity: sha512-V0hjH4dGPh9Ao5p0MoRY6BVqtwCjhz6vI5LT8AJ55H+4g9/4vbHx1I54fS0XuclLhDHArPQCiMjDxjaL8fPxhw==}
    engines: {node: '>=0.12'}
    dev: false

  /follow-redirects/1.15.2:
    resolution: {integrity: sha512-VQLG33o04KaQ8uYi2tVNbdrWp1QWxNNea+nmIB4EVM28v0hmP17z7aG1+wAkNzVq4KeXTq3221ye5qTJP91JwA==}
    engines: {node: '>=4.0'}
    peerDependencies:
      debug: '*'
    peerDependenciesMeta:
      debug:
        optional: true
    dev: false

  /form-data/4.0.0:
    resolution: {integrity: sha512-ETEklSGi5t0QMZuiXoA/Q6vcnxcLQP5vdugSpuAyi6SVGi2clPPp+xgEhuMaHC+zGgn31Kd235W35f7Hykkaww==}
    engines: {node: '>= 6'}
    dependencies:
      asynckit: 0.4.0
      combined-stream: 1.0.8
      mime-types: 2.1.35
    dev: false

  /fromentries/1.3.2:
    resolution: {integrity: sha512-cHEpEQHUg0f8XdtZCc2ZAhrHzKzT0MrFUTcvx+hfxYu7rGMDc5SKoXFh+n4YigxsHXRzc6OrCshdR1bWH6HHyg==}
    dev: false

  /googlebard/1.0.5:
    resolution: {integrity: sha512-hULMcRxuoJ60GLfW3Fns+qZnPmrUB8jg5kjJ9IqTjuyV+agJDK15hVT3hDv2isUXwyQqyX/KWx2yXOlCZLlMSA==}
    dependencies:
      axios: 1.3.2
      cheerio: 1.0.0-rc.12
      dbcontext: 1.0.3
      dotenv: 16.0.3
    transitivePeerDependencies:
      - debug
    dev: false

  /htmlparser2/8.0.2:
    resolution: {integrity: sha512-GYdjWKDkbRLkZ5geuHs5NY1puJ+PXwP7+fHPRz06Eirsb9ugf6d8kkXav6ADhcODhFFPMIXyxkxSuMf3D6NCFA==}
    dependencies:
      domelementtype: 2.3.0
      domhandler: 5.0.3
      domutils: 3.1.0
      entities: 4.5.0
    dev: false

  /indent-string/4.0.0:
    resolution: {integrity: sha512-EdDDZu4A2OyIK7Lr/2zG+w5jmbuk1DVBnEwREQvBzspBJkCEbRa8GxU1lghYcaGJCnRWibjDXlq779X1/y5xwg==}
    engines: {node: '>=8'}
    dev: false

  /is-plain-object/5.0.0:
    resolution: {integrity: sha512-VRSzKkbMm5jMDoKLbltAkFQ5Qr7VDiTFGXxYFXXowVj387GeGNOCsOH6Msy00SGZ3Fp84b1Naa1psqgcCIEP5Q==}
    engines: {node: '>=0.10.0'}
    dev: false

  /jsonwebtoken/9.0.0:
    resolution: {integrity: sha512-tuGfYXxkQGDPnLJ7SibiQgVgeDgfbPq2k2ICcbgqW8WxWLBAxKQM/ZCu/IT8SOSwmaYl4dpTFCW5xZv7YbbWUw==}
    engines: {node: '>=12', npm: '>=6'}
    dependencies:
      jws: 3.2.2
      lodash: 4.17.21
      ms: 2.1.3
      semver: 7.5.1
    dev: false

  /jwa/1.4.1:
    resolution: {integrity: sha512-qiLX/xhEEFKUAJ6FiBMbes3w9ATzyk5W7Hvzpa/SLYdxNtng+gcurvrI7TbACjIXlsJyr05/S1oUhZrc63evQA==}
    dependencies:
      buffer-equal-constant-time: 1.0.1
      ecdsa-sig-formatter: 1.0.11
      safe-buffer: 5.2.1
    dev: false

  /jws/3.2.2:
    resolution: {integrity: sha512-YHlZCB6lMTllWDtSPHz/ZXTsi8S00usEV6v1tjq8tOUZzw7DpSDWVXjXDre6ed1w/pd495ODpHZYSdkRTsa0HA==}
    dependencies:
      jwa: 1.4.1
      safe-buffer: 5.2.1
    dev: false

  /linq-utils/1.0.1:
    resolution: {integrity: sha512-StrPoZEmJDTxFgaUP72ei3aWzjN/QsKlHZoMUGJ9khzeG8zhGjvjos3BtzpFvvAfm6TvrORLEa5WQLcZGFm9Ow==}
    dev: false

  /lodash/4.17.21:
    resolution: {integrity: sha512-v2kDEe57lecTulaDIuNTPy3Ry4gLGJ6Z1O3vE1krgXZNrsQ+LFTGHVxVjcXPs17LhbZVGedAJv8XZ1tvj5FvSg==}
    dev: false

  /lru-cache/6.0.0:
    resolution: {integrity: sha512-Jo6dJ04CmSjuznwJSS3pUeWmd/H0ffTlkXXgwZi+eq1UCmqQwCh+eLsYOYCwY991i2Fah4h1BEMCx4qThGbsiA==}
    engines: {node: '>=10'}
    dependencies:
      yallist: 4.0.0
    dev: false

  /lru-cache/9.1.1:
    resolution: {integrity: sha512-65/Jky17UwSb0BuB9V+MyDpsOtXKmYwzhyl+cOa9XUiI4uV2Ouy/2voFP3+al0BjZbJgMBD8FojMpAf+Z+qn4A==}
    engines: {node: 14 || >=16.14}
    dev: false

  /make-error/1.3.6:
    resolution: {integrity: sha512-s8UhlNe7vPKomQhC1qFelMokr/Sc3AgNbso3n74mVPA5LTZwkB9NlXf4XPamLxJE8h0gh73rM94xvwRT2CVInw==}
    dev: true

  /mime-db/1.52.0:
    resolution: {integrity: sha512-sPU4uV7dYlvtWJxwwxHD0PuihVNiE7TyAbQ5SWxDCB9mUYvOgroQOwYQQOKPJ8CIbE+1ETVlOoK1UC2nU3gYvg==}
    engines: {node: '>= 0.6'}
    dev: false

  /mime-types/2.1.35:
    resolution: {integrity: sha512-ZDY+bPm5zTTF+YpCrAU9nK0UgICYPT0QtT1NZWFv4s++TNkcgVaT0g6+4R2uI4MjQjzysHB1zxuWL50hzaeXiw==}
    engines: {node: '>= 0.6'}
    dependencies:
      mime-db: 1.52.0
    dev: false

  /ms/2.1.3:
    resolution: {integrity: sha512-6FlzubTLZG3J2a/NVCAleEhjzq5oxgHyaCU9yYXvcLsvoVaHJq/s5xXI6/XXP6tz7R9xAOtHnSO/tXtF3WRTlA==}
    dev: false

  /node-fetch/2.6.11:
    resolution: {integrity: sha512-4I6pdBY1EthSqDmJkiNk3JIT8cswwR9nfeW/cPdUagJYEQG7R95WRH74wpz7ma8Gh/9dI9FP+OU+0E4FvtA55w==}
    engines: {node: 4.x || >=6.0.0}
    peerDependencies:
      encoding: ^0.1.0
    peerDependenciesMeta:
      encoding:
        optional: true
    dependencies:
      whatwg-url: 5.0.0
    dev: false

  /nth-check/2.1.1:
    resolution: {integrity: sha512-lqjrjmaOoAnWfMmBPL+XNnynZh2+swxiX3WUE0s4yEHI6m+AwrK2UZOimIRl3X/4QctVqS8AiZjFqyOGrMXb/w==}
    dependencies:
      boolbase: 1.0.0
    dev: false

  /octokit/2.0.15:
    resolution: {integrity: sha512-09cuprsI3sGsCY+MKfbl1GI7UWxwxaHIoR2gtkPc8iYHaD1PF2AtUe+gc4kndzfBFk8tD+XbD6jdSfnBvLvqdA==}
    engines: {node: '>= 14'}
    dependencies:
      '@octokit/app': 13.1.4
      '@octokit/core': 4.2.1
      '@octokit/oauth-app': 4.2.2
      '@octokit/plugin-paginate-rest': 6.1.0_@octokit+core@4.2.1
      '@octokit/plugin-rest-endpoint-methods': 7.1.1_@octokit+core@4.2.1
      '@octokit/plugin-retry': 4.1.3_@octokit+core@4.2.1
      '@octokit/plugin-throttling': 5.2.2_@octokit+core@4.2.1
      '@octokit/types': 9.2.2
    transitivePeerDependencies:
      - encoding
    dev: false

  /once/1.4.0:
    resolution: {integrity: sha512-lNaJgI+2Q5URQBkccEKHTQOPaXdUxnZZElQTZY0MFUAuaEqe1E+Nyvgdz/aIyNi6Z9MzO5dv1H8n58/GELp3+w==}
    dependencies:
      wrappy: 1.0.2
    dev: false

  /parse5-htmlparser2-tree-adapter/7.0.0:
    resolution: {integrity: sha512-B77tOZrqqfUfnVcOrUvfdLbz4pu4RopLD/4vmu3HUPswwTA8OH0EMW9BlWR2B0RCoiZRAHEUu7IxeP1Pd1UU+g==}
    dependencies:
      domhandler: 5.0.3
      parse5: 7.1.2
    dev: false

  /parse5/7.1.2:
    resolution: {integrity: sha512-Czj1WaSVpaoj0wbhMzLmWD69anp2WH7FXMB9n1Sy8/ZFF9jolSQVMu1Ij5WIyGmcBmhk7EOndpO4mIpihVqAXw==}
    dependencies:
      entities: 4.5.0
    dev: false

  /proxy-from-env/1.1.0:
    resolution: {integrity: sha512-D+zkORCbA9f1tdWRK0RaCR3GPv50cMxcrz4X8k5LTSUD1Dkw47mKJEZQNunItRTkWwgtaUSo1RVFRIG9ZXiFYg==}
    dev: false

  /safe-buffer/5.2.1:
    resolution: {integrity: sha512-rp3So07KcdmmKbGvgaNxQSJr7bGVSVk5S9Eq1F+ppbRo70+YeaDxkw5Dd8NPN+GD6bjnYm2VuPuCXmpuYvmCXQ==}
    dev: false

  /semver/7.5.1:
    resolution: {integrity: sha512-Wvss5ivl8TMRZXXESstBA4uR5iXgEN/VC5/sOcuXdVLzcdkz4HWetIoRfG5gb5X+ij/G9rw9YoGn3QoQ8OCSpw==}
    engines: {node: '>=10'}
    hasBin: true
    dependencies:
      lru-cache: 6.0.0
    dev: false

  /tr46/0.0.3:
    resolution: {integrity: sha512-N3WMsuqV66lT30CrXNbEjx4GEwlow3v6rr4mCcv6prnfwhS01rkgyFdjPNBYd9br7LpXV1+Emh01fHnq2Gdgrw==}
    dev: false

  /ts-node/10.9.1_swwgrzuo53dutirdgvlshcj6ra:
    resolution: {integrity: sha512-NtVysVPkxxrwFGUUxGYhfux8k78pQB3JqYBXlLRZgdGUqTO5wU/UyHop5p70iEbGhB7q5KmiZiU0Y3KlJrScEw==}
    hasBin: true
    peerDependencies:
      '@swc/core': '>=1.2.50'
      '@swc/wasm': '>=1.2.50'
      '@types/node': '*'
      typescript: '>=2.7'
    peerDependenciesMeta:
      '@swc/core':
        optional: true
      '@swc/wasm':
        optional: true
    dependencies:
      '@cspotcode/source-map-support': 0.8.1
      '@tsconfig/node10': 1.0.9
      '@tsconfig/node12': 1.0.11
      '@tsconfig/node14': 1.0.3
      '@tsconfig/node16': 1.0.4
      '@types/node': 20.2.1
      acorn: 8.8.2
      acorn-walk: 8.2.0
      arg: 4.1.3
      create-require: 1.1.1
      diff: 4.0.2
      make-error: 1.3.6
      typescript: 5.0.4
      v8-compile-cache-lib: 3.0.1
      yn: 3.1.1
    dev: true

  /typescript/5.0.4:
    resolution: {integrity: sha512-cW9T5W9xY37cc+jfEnaUvX91foxtHkza3Nw3wkoF4sSlKn0MONdkdEndig/qPBWXNkmplh3NzayQzCiHM4/hqw==}
    engines: {node: '>=12.20'}
    hasBin: true
    dev: true

  /universal-github-app-jwt/1.1.1:
    resolution: {integrity: sha512-G33RTLrIBMFmlDV4u4CBF7dh71eWwykck4XgaxaIVeZKOYZRAAxvcGMRFTUclVY6xoUPQvO4Ne5wKGxYm/Yy9w==}
    dependencies:
      '@types/jsonwebtoken': 9.0.2
      jsonwebtoken: 9.0.0
    dev: false

  /universal-user-agent/6.0.0:
    resolution: {integrity: sha512-isyNax3wXoKaulPDZWHQqbmIx1k2tb9fb3GGDBRxCscfYV2Ch7WxPArBsFEG8s/safwXTT7H4QGhaIkTp9447w==}
    dev: false

  /v8-compile-cache-lib/3.0.1:
    resolution: {integrity: sha512-wa7YjyUGfNZngI/vtK0UHAN+lgDCxBPCylVXGp0zu59Fz5aiGtNXaq3DhIov063MorB+VfufLh3JlF2KdTK3xg==}
    dev: true

  /webidl-conversions/3.0.1:
    resolution: {integrity: sha512-2JAn3z8AR6rjK8Sm8orRC0h/bcl/DqL7tRPdGZ4I1CjdF+EaMLmYxBHyXuKL849eucPFhvBoxMsflfOb8kxaeQ==}
    dev: false

  /whatwg-url/5.0.0:
    resolution: {integrity: sha512-saE57nupxk6v3HY35+jzBwYa0rKSy0XR8JSxZPwgLr7ys0IBzhGviA1/TUGJLmSVqs8pb9AnvICXEuOHLprYTw==}
    dependencies:
      tr46: 0.0.3
      webidl-conversions: 3.0.1
    dev: false

  /wrappy/1.0.2:
    resolution: {integrity: sha512-l4Sp/DRseor9wL6EvV2+TuQn63dMkPjZ/sp9XkghTEbV9KlPS1xUsZ3u7/IQO4wxtcFB4bgpQPRcR3QCvezPcQ==}
    dev: false

  /yallist/4.0.0:
    resolution: {integrity: sha512-3wdGidZyq5PB084XLES5TpOSRA3wjXAlIWMhum2kRcv/41Sn2emQ0dycQW4uZXLejwKvg6EsvbdlVL+FYEct7A==}
    dev: false

  /yn/3.1.1:
    resolution: {integrity: sha512-Ux4ygGWsu2c7isFWe8Yu1YluJmqVhxqK2cLXNQA5AcC3QfbGNpM7fu0Y8b/z16pXLnFxZYvWhd3fhBY9DLmC6Q==}
    engines: {node: '>=6'}
    dev: true
